
Microsoft Visual Studio Solution File, Format Version 12.00
# Visual Studio Version 16
VisualStudioVersion = 16.0.30011.22
MinimumVisualStudioVersion = 10.0.40219.1
Project("{FAE04EC0-301F-11D3-BF4B-00C04F79EFBC}") = "SLangCompilerLibrary", "SLangCompilerLibrary\SLangCompilerLibrary.csproj", "{55F99728-BA08-4A9F-89D9-D36EA14AEE8D}"
EndProject
Global
	GlobalSection(SolutionConfigurationPlatforms) = preSolution
		Debug|Any CPU = Debug|Any CPU
		Release|Any CPU = Release|Any CPU
	EndGlobalSection
	GlobalSection(ProjectConfigurationPlatforms) = postSolution
		{55F99728-BA08-4A9F-89D9-D36EA14AEE8D}.Debug|Any CPU.ActiveCfg = Debug|Any CPU
		{55F99728-BA08-4A9F-89D9-D36EA14AEE8D}.Debug|Any CPU.Build.0 = Debug|Any CPU
		{55F99728-BA08-4A9F-89D9-D36EA14AEE8D}.Release|Any CPU.ActiveCfg = Release|Any CPU
		{55F99728-BA08-4A9F-89D9-D36EA14AEE8D}.Release|Any CPU.Build.0 = Release|Any CPU
	EndGlobalSection
	GlobalSection(SolutionProperties) = preSolution
		HideSolutionNode = FALSE
	EndGlobalSection
	GlobalSection(ExtensibilityGlobals) = postSolution
		SolutionGuid = {825D7DD8-A8A2-4BB9-BDBB-32261C808602}
	EndGlobalSection
EndGlobal
